// !$*UTF8*$!
{
	archiveVersion = 1;
	classes = {
	};
	objectVersion = 46;
	objects = {

/* Begin PBXBuildFile section */
		0A0F2BAA1BF1BBE50095D290 /* JSONError.swift in Sources */ = {isa = PBXBuildFile; fileRef = 0A0F2BA91BF1BBE50095D290 /* JSONError.swift */; };
		0A0F2BAC1BF30D1B0095D290 /* JSONObject.swift in Sources */ = {isa = PBXBuildFile; fileRef = 0A0F2BAB1BF30D1B0095D290 /* JSONObject.swift */; };
		9E0317C51D664B9000096D9E /* sample.json in Resources */ = {isa = PBXBuildFile; fileRef = 9E0317C41D664B9000096D9E /* sample.json */; };
		9E0AD0C31C69B3360038B4F5 /* DecimalNumber.swift in Sources */ = {isa = PBXBuildFile; fileRef = 9E0AD0C21C69B3360038B4F5 /* DecimalNumber.swift */; };
		9E1B24441BC73D7600E5BC19 /* PMJSON.h in Headers */ = {isa = PBXBuildFile; fileRef = 9E1B24431BC73D7600E5BC19 /* PMJSON.h */; settings = {ATTRIBUTES = (Public, ); }; };
		9E1B244B1BC73D7600E5BC19 /* PMJSON.framework in Frameworks */ = {isa = PBXBuildFile; fileRef = 9E1B24411BC73D7600E5BC19 /* PMJSON.framework */; };
		9E1B24501BC73D7600E5BC19 /* JSONDecoderTests.swift in Sources */ = {isa = PBXBuildFile; fileRef = 9E1B244F1BC73D7600E5BC19 /* JSONDecoderTests.swift */; };
		9E1B24591BC73DA000E5BC19 /* JSON.swift in Sources */ = {isa = PBXBuildFile; fileRef = 9E1B24581BC73DA000E5BC19 /* JSON.swift */; };
		9E1B246B1BC7463D00E5BC19 /* Parser.swift in Sources */ = {isa = PBXBuildFile; fileRef = 9E1B246A1BC7463D00E5BC19 /* Parser.swift */; };
		9E4997F01DC96E110049EECD /* JSONEncoderTests.swift in Sources */ = {isa = PBXBuildFile; fileRef = 9E4997EF1DC96E110049EECD /* JSONEncoderTests.swift */; };
		9E5983DC1C60282F008495F6 /* Encoder.swift in Sources */ = {isa = PBXBuildFile; fileRef = 9E5983DB1C60282F008495F6 /* Encoder.swift */; };
		9E8793781BC7547800BC6A15 /* Decoder.swift in Sources */ = {isa = PBXBuildFile; fileRef = 9E8793771BC7547800BC6A15 /* Decoder.swift */; };
		9E87937C1BC8341500BC6A15 /* ObjectiveC.swift in Sources */ = {isa = PBXBuildFile; fileRef = 9E87937B1BC8341500BC6A15 /* ObjectiveC.swift */; };
		9E87937E1BC835F500BC6A15 /* Accessors.swift in Sources */ = {isa = PBXBuildFile; fileRef = 9E87937D1BC835F500BC6A15 /* Accessors.swift */; };
		9EC4CD961DB83DE8003A4268 /* JSONParserTests.swift in Sources */ = {isa = PBXBuildFile; fileRef = 9EC4CD951DB83DE8003A4268 /* JSONParserTests.swift */; };
		9EC52A6A1DCBC2E900658723 /* JSONAccessorTests.swift in Sources */ = {isa = PBXBuildFile; fileRef = 9EC52A691DCBC2E800658723 /* JSONAccessorTests.swift */; };
		9ECD04F51DC15C9800DBE7CA /* JSONTestSuite in Resources */ = {isa = PBXBuildFile; fileRef = 9ECD04F41DC15C9800DBE7CA /* JSONTestSuite */; };
		9ECD04F71DC15CAD00DBE7CA /* JSONTestSuite.swift in Sources */ = {isa = PBXBuildFile; fileRef = 9ECD04F61DC15CAD00DBE7CA /* JSONTestSuite.swift */; };
/* End PBXBuildFile section */

/* Begin PBXContainerItemProxy section */
		9E1B244C1BC73D7600E5BC19 /* PBXContainerItemProxy */ = {
			isa = PBXContainerItemProxy;
			containerPortal = 9E1B24281BC73D1900E5BC19 /* Project object */;
			proxyType = 1;
			remoteGlobalIDString = 9E1B24401BC73D7600E5BC19;
			remoteInfo = JSON;
		};
/* End PBXContainerItemProxy section */

/* Begin PBXFileReference section */
		0A0F2BA91BF1BBE50095D290 /* JSONError.swift */ = {isa = PBXFileReference; fileEncoding = 4; lastKnownFileType = sourcecode.swift; path = JSONError.swift; sourceTree = "<group>"; };
		0A0F2BAB1BF30D1B0095D290 /* JSONObject.swift */ = {isa = PBXFileReference; fileEncoding = 4; lastKnownFileType = sourcecode.swift; path = JSONObject.swift; sourceTree = "<group>"; };
		9E0317C41D664B9000096D9E /* sample.json */ = {isa = PBXFileReference; fileEncoding = 4; lastKnownFileType = text.json; path = sample.json; sourceTree = "<group>"; };
		9E0317C61D664D7D00096D9E /* README.txt */ = {isa = PBXFileReference; lastKnownFileType = text; path = README.txt; sourceTree = "<group>"; };
		9E0AD0C21C69B3360038B4F5 /* DecimalNumber.swift */ = {isa = PBXFileReference; fileEncoding = 4; lastKnownFileType = sourcecode.swift; path = DecimalNumber.swift; sourceTree = "<group>"; };
		9E1B24411BC73D7600E5BC19 /* PMJSON.framework */ = {isa = PBXFileReference; explicitFileType = wrapper.framework; includeInIndex = 0; path = PMJSON.framework; sourceTree = BUILT_PRODUCTS_DIR; };
		9E1B24431BC73D7600E5BC19 /* PMJSON.h */ = {isa = PBXFileReference; lastKnownFileType = sourcecode.c.h; path = PMJSON.h; sourceTree = "<group>"; };
		9E1B24451BC73D7600E5BC19 /* Info.plist */ = {isa = PBXFileReference; lastKnownFileType = text.plist.xml; path = Info.plist; sourceTree = "<group>"; };
		9E1B244A1BC73D7600E5BC19 /* PMJSONTests.xctest */ = {isa = PBXFileReference; explicitFileType = wrapper.cfbundle; includeInIndex = 0; path = PMJSONTests.xctest; sourceTree = BUILT_PRODUCTS_DIR; };
		9E1B244F1BC73D7600E5BC19 /* JSONDecoderTests.swift */ = {isa = PBXFileReference; lastKnownFileType = sourcecode.swift; path = JSONDecoderTests.swift; sourceTree = "<group>"; };
		9E1B24511BC73D7600E5BC19 /* Info.plist */ = {isa = PBXFileReference; lastKnownFileType = text.plist.xml; path = Info.plist; sourceTree = "<group>"; };
		9E1B24581BC73DA000E5BC19 /* JSON.swift */ = {isa = PBXFileReference; fileEncoding = 4; lastKnownFileType = sourcecode.swift; path = JSON.swift; sourceTree = "<group>"; };
		9E1B246A1BC7463D00E5BC19 /* Parser.swift */ = {isa = PBXFileReference; fileEncoding = 4; lastKnownFileType = sourcecode.swift; path = Parser.swift; sourceTree = "<group>"; };
		9E4997EF1DC96E110049EECD /* JSONEncoderTests.swift */ = {isa = PBXFileReference; fileEncoding = 4; lastKnownFileType = sourcecode.swift; path = JSONEncoderTests.swift; sourceTree = "<group>"; };
		9E49DEF21C1F9E2F004FDCAD /* LICENSE-MIT */ = {isa = PBXFileReference; lastKnownFileType = text; path = "LICENSE-MIT"; sourceTree = "<group>"; };
		9E49DEF31C1F9E2F004FDCAD /* README.md */ = {isa = PBXFileReference; lastKnownFileType = net.daringfireball.markdown; path = README.md; sourceTree = "<group>"; };
		9E5983DB1C60282F008495F6 /* Encoder.swift */ = {isa = PBXFileReference; fileEncoding = 4; lastKnownFileType = sourcecode.swift; path = Encoder.swift; sourceTree = "<group>"; };
		9E69BE0B1C6E843D00D92762 /* LICENSE-APACHE */ = {isa = PBXFileReference; lastKnownFileType = text; path = "LICENSE-APACHE"; sourceTree = "<group>"; };
		9E8793771BC7547800BC6A15 /* Decoder.swift */ = {isa = PBXFileReference; fileEncoding = 4; lastKnownFileType = sourcecode.swift; path = Decoder.swift; sourceTree = "<group>"; };
		9E87937B1BC8341500BC6A15 /* ObjectiveC.swift */ = {isa = PBXFileReference; fileEncoding = 4; lastKnownFileType = sourcecode.swift; path = ObjectiveC.swift; sourceTree = "<group>"; };
		9E87937D1BC835F500BC6A15 /* Accessors.swift */ = {isa = PBXFileReference; fileEncoding = 4; lastKnownFileType = sourcecode.swift; path = Accessors.swift; sourceTree = "<group>"; };
		9EC4CD951DB83DE8003A4268 /* JSONParserTests.swift */ = {isa = PBXFileReference; fileEncoding = 4; lastKnownFileType = sourcecode.swift; path = JSONParserTests.swift; sourceTree = "<group>"; };
		9EC52A691DCBC2E800658723 /* JSONAccessorTests.swift */ = {isa = PBXFileReference; fileEncoding = 4; lastKnownFileType = sourcecode.swift; path = JSONAccessorTests.swift; sourceTree = "<group>"; };
		9ECD04F41DC15C9800DBE7CA /* JSONTestSuite */ = {isa = PBXFileReference; lastKnownFileType = folder; path = JSONTestSuite; sourceTree = "<group>"; };
		9ECD04F61DC15CAD00DBE7CA /* JSONTestSuite.swift */ = {isa = PBXFileReference; fileEncoding = 4; lastKnownFileType = sourcecode.swift; path = JSONTestSuite.swift; sourceTree = "<group>"; };
/* End PBXFileReference section */

/* Begin PBXFrameworksBuildPhase section */
		9E1B243D1BC73D7600E5BC19 /* Frameworks */ = {
			isa = PBXFrameworksBuildPhase;
			buildActionMask = 2147483647;
			files = (
			);
			runOnlyForDeploymentPostprocessing = 0;
		};
		9E1B24471BC73D7600E5BC19 /* Frameworks */ = {
			isa = PBXFrameworksBuildPhase;
			buildActionMask = 2147483647;
			files = (
				9E1B244B1BC73D7600E5BC19 /* PMJSON.framework in Frameworks */,
			);
			runOnlyForDeploymentPostprocessing = 0;
		};
/* End PBXFrameworksBuildPhase section */

/* Begin PBXGroup section */
		9E1B24271BC73D1900E5BC19 = {
			isa = PBXGroup;
			children = (
				9E49DEF31C1F9E2F004FDCAD /* README.md */,
				9E69BE0B1C6E843D00D92762 /* LICENSE-APACHE */,
				9E49DEF21C1F9E2F004FDCAD /* LICENSE-MIT */,
				9E1B24421BC73D7600E5BC19 /* JSON */,
				9E1B244E1BC73D7600E5BC19 /* JSONTests */,
				9E1B24341BC73D3600E5BC19 /* Products */,
			);
			sourceTree = "<group>";
		};
		9E1B24341BC73D3600E5BC19 /* Products */ = {
			isa = PBXGroup;
			children = (
				9E1B24411BC73D7600E5BC19 /* PMJSON.framework */,
				9E1B244A1BC73D7600E5BC19 /* PMJSONTests.xctest */,
			);
			name = Products;
			sourceTree = "<group>";
		};
		9E1B24421BC73D7600E5BC19 /* JSON */ = {
			isa = PBXGroup;
			children = (
				9E1B24581BC73DA000E5BC19 /* JSON.swift */,
				0A0F2BAB1BF30D1B0095D290 /* JSONObject.swift */,
				9E87937D1BC835F500BC6A15 /* Accessors.swift */,
				0A0F2BA91BF1BBE50095D290 /* JSONError.swift */,
				9E87937B1BC8341500BC6A15 /* ObjectiveC.swift */,
				9E0AD0C21C69B3360038B4F5 /* DecimalNumber.swift */,
				9E1B246A1BC7463D00E5BC19 /* Parser.swift */,
				9E8793771BC7547800BC6A15 /* Decoder.swift */,
				9E5983DB1C60282F008495F6 /* Encoder.swift */,
				9E1B24431BC73D7600E5BC19 /* PMJSON.h */,
				9E1B24451BC73D7600E5BC19 /* Info.plist */,
			);
			name = JSON;
			path = Sources;
			sourceTree = "<group>";
		};
		9E1B244E1BC73D7600E5BC19 /* JSONTests */ = {
			isa = PBXGroup;
			children = (
				9E1B244F1BC73D7600E5BC19 /* JSONDecoderTests.swift */,
				9EC52A691DCBC2E800658723 /* JSONAccessorTests.swift */,
				9EC4CD951DB83DE8003A4268 /* JSONParserTests.swift */,
				9E4997EF1DC96E110049EECD /* JSONEncoderTests.swift */,
				9ECD04F61DC15CAD00DBE7CA /* JSONTestSuite.swift */,
				9E0317C61D664D7D00096D9E /* README.txt */,
				9E0317C41D664B9000096D9E /* sample.json */,
				9ECD04F41DC15C9800DBE7CA /* JSONTestSuite */,
				9E1B24511BC73D7600E5BC19 /* Info.plist */,
			);
			name = JSONTests;
			path = Tests;
			sourceTree = "<group>";
		};
/* End PBXGroup section */

/* Begin PBXHeadersBuildPhase section */
		9E1B243E1BC73D7600E5BC19 /* Headers */ = {
			isa = PBXHeadersBuildPhase;
			buildActionMask = 2147483647;
			files = (
				9E1B24441BC73D7600E5BC19 /* PMJSON.h in Headers */,
			);
			runOnlyForDeploymentPostprocessing = 0;
		};
/* End PBXHeadersBuildPhase section */

/* Begin PBXNativeTarget section */
		9E1B24401BC73D7600E5BC19 /* PMJSON */ = {
			isa = PBXNativeTarget;
			buildConfigurationList = 9E1B24521BC73D7600E5BC19 /* Build configuration list for PBXNativeTarget "PMJSON" */;
			buildPhases = (
				9E1B243C1BC73D7600E5BC19 /* Sources */,
				9E1B243D1BC73D7600E5BC19 /* Frameworks */,
				9E1B243E1BC73D7600E5BC19 /* Headers */,
				9E1B243F1BC73D7600E5BC19 /* Resources */,
			);
			buildRules = (
			);
			dependencies = (
			);
			name = PMJSON;
			productName = JSON;
			productReference = 9E1B24411BC73D7600E5BC19 /* PMJSON.framework */;
			productType = "com.apple.product-type.framework";
		};
		9E1B24491BC73D7600E5BC19 /* PMJSONTests */ = {
			isa = PBXNativeTarget;
			buildConfigurationList = 9E1B24551BC73D7600E5BC19 /* Build configuration list for PBXNativeTarget "PMJSONTests" */;
			buildPhases = (
				9E1B24461BC73D7600E5BC19 /* Sources */,
				9E1B24471BC73D7600E5BC19 /* Frameworks */,
				9E1B24481BC73D7600E5BC19 /* Resources */,
			);
			buildRules = (
			);
			dependencies = (
				9E1B244D1BC73D7600E5BC19 /* PBXTargetDependency */,
			);
			name = PMJSONTests;
			productName = JSONTests;
			productReference = 9E1B244A1BC73D7600E5BC19 /* PMJSONTests.xctest */;
			productType = "com.apple.product-type.bundle.unit-test";
		};
/* End PBXNativeTarget section */

/* Begin PBXProject section */
		9E1B24281BC73D1900E5BC19 /* Project object */ = {
			isa = PBXProject;
			attributes = {
				LastSwiftUpdateCheck = 0700;
				LastUpgradeCheck = 0810;
				ORGANIZATIONNAME = Postmates;
				TargetAttributes = {
					9E1B24401BC73D7600E5BC19 = {
						CreatedOnToolsVersion = 7.0.1;
						LastSwiftMigration = 0800;
					};
					9E1B24491BC73D7600E5BC19 = {
						CreatedOnToolsVersion = 7.0.1;
						LastSwiftMigration = 0800;
					};
				};
			};
			buildConfigurationList = 9E1B242B1BC73D1900E5BC19 /* Build configuration list for PBXProject "PMJSON" */;
			compatibilityVersion = "Xcode 3.2";
			developmentRegion = English;
			hasScannedForEncodings = 0;
			knownRegions = (
				en,
			);
			mainGroup = 9E1B24271BC73D1900E5BC19;
			productRefGroup = 9E1B24341BC73D3600E5BC19 /* Products */;
			projectDirPath = "";
			projectRoot = "";
			targets = (
				9E1B24401BC73D7600E5BC19 /* PMJSON */,
				9E1B24491BC73D7600E5BC19 /* PMJSONTests */,
			);
		};
/* End PBXProject section */

/* Begin PBXResourcesBuildPhase section */
		9E1B243F1BC73D7600E5BC19 /* Resources */ = {
			isa = PBXResourcesBuildPhase;
			buildActionMask = 2147483647;
			files = (
			);
			runOnlyForDeploymentPostprocessing = 0;
		};
		9E1B24481BC73D7600E5BC19 /* Resources */ = {
			isa = PBXResourcesBuildPhase;
			buildActionMask = 2147483647;
			files = (
				9E0317C51D664B9000096D9E /* sample.json in Resources */,
				9ECD04F51DC15C9800DBE7CA /* JSONTestSuite in Resources */,
			);
			runOnlyForDeploymentPostprocessing = 0;
		};
/* End PBXResourcesBuildPhase section */

/* Begin PBXSourcesBuildPhase section */
		9E1B243C1BC73D7600E5BC19 /* Sources */ = {
			isa = PBXSourcesBuildPhase;
			buildActionMask = 2147483647;
			files = (
				9E5983DC1C60282F008495F6 /* Encoder.swift in Sources */,
				9E1B246B1BC7463D00E5BC19 /* Parser.swift in Sources */,
				9E87937C1BC8341500BC6A15 /* ObjectiveC.swift in Sources */,
				9E8793781BC7547800BC6A15 /* Decoder.swift in Sources */,
				0A0F2BAA1BF1BBE50095D290 /* JSONError.swift in Sources */,
				9E0AD0C31C69B3360038B4F5 /* DecimalNumber.swift in Sources */,
				9E1B24591BC73DA000E5BC19 /* JSON.swift in Sources */,
				9E87937E1BC835F500BC6A15 /* Accessors.swift in Sources */,
				0A0F2BAC1BF30D1B0095D290 /* JSONObject.swift in Sources */,
			);
			runOnlyForDeploymentPostprocessing = 0;
		};
		9E1B24461BC73D7600E5BC19 /* Sources */ = {
			isa = PBXSourcesBuildPhase;
			buildActionMask = 2147483647;
			files = (
				9EC4CD961DB83DE8003A4268 /* JSONParserTests.swift in Sources */,
				9ECD04F71DC15CAD00DBE7CA /* JSONTestSuite.swift in Sources */,
				9E4997F01DC96E110049EECD /* JSONEncoderTests.swift in Sources */,
				9EC52A6A1DCBC2E900658723 /* JSONAccessorTests.swift in Sources */,
				9E1B24501BC73D7600E5BC19 /* JSONDecoderTests.swift in Sources */,
			);
			runOnlyForDeploymentPostprocessing = 0;
		};
/* End PBXSourcesBuildPhase section */

/* Begin PBXTargetDependency section */
		9E1B244D1BC73D7600E5BC19 /* PBXTargetDependency */ = {
			isa = PBXTargetDependency;
			target = 9E1B24401BC73D7600E5BC19 /* PMJSON */;
			targetProxy = 9E1B244C1BC73D7600E5BC19 /* PBXContainerItemProxy */;
		};
/* End PBXTargetDependency section */

/* Begin XCBuildConfiguration section */
		9E1B242C1BC73D1900E5BC19 /* Debug */ = {
			isa = XCBuildConfiguration;
			buildSettings = {
				CLANG_WARN_BOOL_CONVERSION = YES;
				CLANG_WARN_CONSTANT_CONVERSION = YES;
				CLANG_WARN_EMPTY_BODY = YES;
				CLANG_WARN_ENUM_CONVERSION = YES;
				CLANG_WARN_INFINITE_RECURSION = YES;
				CLANG_WARN_INT_CONVERSION = YES;
				CLANG_WARN_SUSPICIOUS_MOVE = YES;
				CLANG_WARN_UNREACHABLE_CODE = YES;
				CLANG_WARN__DUPLICATE_METHOD_MATCH = YES;
				ENABLE_STRICT_OBJC_MSGSEND = YES;
				ENABLE_TESTABILITY = YES;
				GCC_NO_COMMON_BLOCKS = YES;
				GCC_WARN_64_TO_32_BIT_CONVERSION = YES;
				GCC_WARN_ABOUT_RETURN_TYPE = YES;
				GCC_WARN_UNDECLARED_SELECTOR = YES;
				GCC_WARN_UNINITIALIZED_AUTOS = YES;
				GCC_WARN_UNUSED_FUNCTION = YES;
				GCC_WARN_UNUSED_VARIABLE = YES;
				IPHONEOS_DEPLOYMENT_TARGET = 8.0;
				MACOSX_DEPLOYMENT_TARGET = 10.9;
				ONLY_ACTIVE_ARCH = YES;
				TVOS_DEPLOYMENT_TARGET = 9.0;
				WATCHOS_DEPLOYMENT_TARGET = 2.0;
			};
			name = Debug;
		};
		9E1B242D1BC73D1900E5BC19 /* Release */ = {
			isa = XCBuildConfiguration;
			buildSettings = {
				CLANG_WARN_BOOL_CONVERSION = YES;
				CLANG_WARN_CONSTANT_CONVERSION = YES;
				CLANG_WARN_EMPTY_BODY = YES;
				CLANG_WARN_ENUM_CONVERSION = YES;
				CLANG_WARN_INFINITE_RECURSION = YES;
				CLANG_WARN_INT_CONVERSION = YES;
				CLANG_WARN_SUSPICIOUS_MOVE = YES;
				CLANG_WARN_UNREACHABLE_CODE = YES;
				CLANG_WARN__DUPLICATE_METHOD_MATCH = YES;
				ENABLE_STRICT_OBJC_MSGSEND = YES;
				GCC_NO_COMMON_BLOCKS = YES;
				GCC_WARN_64_TO_32_BIT_CONVERSION = YES;
				GCC_WARN_ABOUT_RETURN_TYPE = YES;
				GCC_WARN_UNDECLARED_SELECTOR = YES;
				GCC_WARN_UNINITIALIZED_AUTOS = YES;
				GCC_WARN_UNUSED_FUNCTION = YES;
				GCC_WARN_UNUSED_VARIABLE = YES;
				IPHONEOS_DEPLOYMENT_TARGET = 8.0;
				MACOSX_DEPLOYMENT_TARGET = 10.9;
				TVOS_DEPLOYMENT_TARGET = 9.0;
				WATCHOS_DEPLOYMENT_TARGET = 2.0;
			};
			name = Release;
		};
		9E1B24531BC73D7600E5BC19 /* Debug */ = {
			isa = XCBuildConfiguration;
			buildSettings = {
				ALWAYS_SEARCH_USER_PATHS = NO;
				APPLICATION_EXTENSION_API_ONLY = YES;
				CLANG_CXX_LANGUAGE_STANDARD = "gnu++0x";
				CLANG_CXX_LIBRARY = "libc++";
				CLANG_ENABLE_MODULES = YES;
				CLANG_ENABLE_OBJC_ARC = YES;
				CLANG_WARN_BOOL_CONVERSION = YES;
				CLANG_WARN_CONSTANT_CONVERSION = YES;
				CLANG_WARN_DIRECT_OBJC_ISA_USAGE = YES_ERROR;
				CLANG_WARN_EMPTY_BODY = YES;
				CLANG_WARN_ENUM_CONVERSION = YES;
				CLANG_WARN_INT_CONVERSION = YES;
				CLANG_WARN_OBJC_ROOT_CLASS = YES_ERROR;
				CLANG_WARN_UNREACHABLE_CODE = YES;
				CLANG_WARN__DUPLICATE_METHOD_MATCH = YES;
				"CODE_SIGN_IDENTITY[sdk=iphoneos*]" = "iPhone Developer";
				COMBINE_HIDPI_IMAGES = YES;
				COPY_PHASE_STRIP = NO;
				CURRENT_PROJECT_VERSION = 1;
				DEBUG_INFORMATION_FORMAT = dwarf;
				DEFINES_MODULE = YES;
				DYLIB_COMPATIBILITY_VERSION = 1;
				DYLIB_CURRENT_VERSION = 1;
				DYLIB_INSTALL_NAME_BASE = "@rpath";
				ENABLE_STRICT_OBJC_MSGSEND = YES;
				ENABLE_TESTABILITY = YES;
				GCC_C_LANGUAGE_STANDARD = gnu99;
				GCC_DYNAMIC_NO_PIC = NO;
				GCC_NO_COMMON_BLOCKS = YES;
				GCC_OPTIMIZATION_LEVEL = 0;
				GCC_PREPROCESSOR_DEFINITIONS = (
					"DEBUG=1",
					"$(inherited)",
				);
				GCC_WARN_64_TO_32_BIT_CONVERSION = YES;
				GCC_WARN_ABOUT_RETURN_TYPE = YES_ERROR;
				GCC_WARN_UNDECLARED_SELECTOR = YES;
				GCC_WARN_UNINITIALIZED_AUTOS = YES_AGGRESSIVE;
				GCC_WARN_UNUSED_FUNCTION = YES;
				GCC_WARN_UNUSED_VARIABLE = YES;
				INFOPLIST_FILE = Sources/Info.plist;
				INSTALL_PATH = "$(LOCAL_LIBRARY_DIR)/Frameworks";
				LD_RUNPATH_SEARCH_PATHS = "$(inherited) @executable_path/Frameworks @loader_path/Frameworks";
				MTL_ENABLE_DEBUG_INFO = YES;
				ONLY_ACTIVE_ARCH = YES;
				PRODUCT_BUNDLE_IDENTIFIER = com.postmates.PMJSON;
				PRODUCT_NAME = "$(TARGET_NAME)";
				SKIP_INSTALL = YES;
				SUPPORTED_PLATFORMS = "macosx iphonesimulator iphoneos watchsimulator watchos appletvsimulator appletvos";
				SWIFT_INSTALL_OBJC_HEADER = NO;
				SWIFT_OPTIMIZATION_LEVEL = "-Onone";
				SWIFT_VERSION = 3.0;
				TARGETED_DEVICE_FAMILY = "1,2,3,4";
				VERSIONING_SYSTEM = "apple-generic";
				VERSION_INFO_PREFIX = "";
			};
			name = Debug;
		};
		9E1B24541BC73D7600E5BC19 /* Release */ = {
			isa = XCBuildConfiguration;
			buildSettings = {
				ALWAYS_SEARCH_USER_PATHS = NO;
				APPLICATION_EXTENSION_API_ONLY = YES;
				CLANG_CXX_LANGUAGE_STANDARD = "gnu++0x";
				CLANG_CXX_LIBRARY = "libc++";
				CLANG_ENABLE_MODULES = YES;
				CLANG_ENABLE_OBJC_ARC = YES;
				CLANG_WARN_BOOL_CONVERSION = YES;
				CLANG_WARN_CONSTANT_CONVERSION = YES;
				CLANG_WARN_DIRECT_OBJC_ISA_USAGE = YES_ERROR;
				CLANG_WARN_EMPTY_BODY = YES;
				CLANG_WARN_ENUM_CONVERSION = YES;
				CLANG_WARN_INT_CONVERSION = YES;
				CLANG_WARN_OBJC_ROOT_CLASS = YES_ERROR;
				CLANG_WARN_UNREACHABLE_CODE = YES;
				CLANG_WARN__DUPLICATE_METHOD_MATCH = YES;
				"CODE_SIGN_IDENTITY[sdk=iphoneos*]" = "iPhone Developer";
				COMBINE_HIDPI_IMAGES = YES;
				COPY_PHASE_STRIP = NO;
				CURRENT_PROJECT_VERSION = 1;
				DEBUG_INFORMATION_FORMAT = "dwarf-with-dsym";
				DEFINES_MODULE = YES;
				DYLIB_COMPATIBILITY_VERSION = 1;
				DYLIB_CURRENT_VERSION = 1;
				DYLIB_INSTALL_NAME_BASE = "@rpath";
				ENABLE_NS_ASSERTIONS = NO;
				ENABLE_STRICT_OBJC_MSGSEND = YES;
				GCC_C_LANGUAGE_STANDARD = gnu99;
				GCC_NO_COMMON_BLOCKS = YES;
				GCC_WARN_64_TO_32_BIT_CONVERSION = YES;
				GCC_WARN_ABOUT_RETURN_TYPE = YES_ERROR;
				GCC_WARN_UNDECLARED_SELECTOR = YES;
				GCC_WARN_UNINITIALIZED_AUTOS = YES_AGGRESSIVE;
				GCC_WARN_UNUSED_FUNCTION = YES;
				GCC_WARN_UNUSED_VARIABLE = YES;
				INFOPLIST_FILE = Sources/Info.plist;
				INSTALL_PATH = "$(LOCAL_LIBRARY_DIR)/Frameworks";
				LD_RUNPATH_SEARCH_PATHS = "$(inherited) @executable_path/Frameworks @loader_path/Frameworks";
				MTL_ENABLE_DEBUG_INFO = NO;
				PRODUCT_BUNDLE_IDENTIFIER = com.postmates.PMJSON;
				PRODUCT_NAME = "$(TARGET_NAME)";
				SKIP_INSTALL = YES;
				SUPPORTED_PLATFORMS = "macosx iphonesimulator iphoneos watchsimulator watchos appletvsimulator appletvos";
				SWIFT_INSTALL_OBJC_HEADER = NO;
				SWIFT_OPTIMIZATION_LEVEL = "-Owholemodule";
				SWIFT_VERSION = 3.0;
				TARGETED_DEVICE_FAMILY = "1,2,3,4";
				VALIDATE_PRODUCT = YES;
				VERSIONING_SYSTEM = "apple-generic";
				VERSION_INFO_PREFIX = "";
			};
			name = Release;
		};
		9E1B24561BC73D7600E5BC19 /* Debug */ = {
			isa = XCBuildConfiguration;
			buildSettings = {
				ALWAYS_SEARCH_USER_PATHS = NO;
				CLANG_CXX_LANGUAGE_STANDARD = "gnu++0x";
				CLANG_CXX_LIBRARY = "libc++";
				CLANG_ENABLE_MODULES = YES;
				CLANG_ENABLE_OBJC_ARC = YES;
				CLANG_WARN_BOOL_CONVERSION = YES;
				CLANG_WARN_CONSTANT_CONVERSION = YES;
				CLANG_WARN_DIRECT_OBJC_ISA_USAGE = YES_ERROR;
				CLANG_WARN_EMPTY_BODY = YES;
				CLANG_WARN_ENUM_CONVERSION = YES;
				CLANG_WARN_INT_CONVERSION = YES;
				CLANG_WARN_OBJC_ROOT_CLASS = YES_ERROR;
				CLANG_WARN_UNREACHABLE_CODE = YES;
				CLANG_WARN__DUPLICATE_METHOD_MATCH = YES;
				"CODE_SIGN_IDENTITY[sdk=iphoneos*]" = "iPhone Developer";
				COMBINE_HIDPI_IMAGES = YES;
				COPY_PHASE_STRIP = NO;
				DEBUG_INFORMATION_FORMAT = dwarf;
				ENABLE_STRICT_OBJC_MSGSEND = YES;
				ENABLE_TESTABILITY = YES;
				GCC_C_LANGUAGE_STANDARD = gnu99;
				GCC_DYNAMIC_NO_PIC = NO;
				GCC_NO_COMMON_BLOCKS = YES;
				GCC_OPTIMIZATION_LEVEL = 0;
				GCC_PREPROCESSOR_DEFINITIONS = (
					"DEBUG=1",
					"$(inherited)",
				);
				GCC_WARN_64_TO_32_BIT_CONVERSION = YES;
				GCC_WARN_ABOUT_RETURN_TYPE = YES_ERROR;
				GCC_WARN_UNDECLARED_SELECTOR = YES;
				GCC_WARN_UNINITIALIZED_AUTOS = YES_AGGRESSIVE;
				GCC_WARN_UNUSED_FUNCTION = YES;
				GCC_WARN_UNUSED_VARIABLE = YES;
				INFOPLIST_FILE = Tests/Info.plist;
				LD_RUNPATH_SEARCH_PATHS = "$(inherited) @executable_path/Frameworks @loader_path/Frameworks";
				"LD_RUNPATH_SEARCH_PATHS[sdk=macosx*]" = "$(inherited) @executable_path/../Frameworks @loader_path/../Frameworks";
				MTL_ENABLE_DEBUG_INFO = YES;
				ONLY_ACTIVE_ARCH = YES;
				PRODUCT_BUNDLE_IDENTIFIER = com.postmates.PMJSONTests;
				PRODUCT_NAME = "$(TARGET_NAME)";
				SUPPORTED_PLATFORMS = "macosx iphonesimulator iphoneos";
				SWIFT_OPTIMIZATION_LEVEL = "-Onone";
				SWIFT_VERSION = 3.0;
			};
			name = Debug;
		};
		9E1B24571BC73D7600E5BC19 /* Release */ = {
			isa = XCBuildConfiguration;
			buildSettings = {
				ALWAYS_SEARCH_USER_PATHS = NO;
				CLANG_CXX_LANGUAGE_STANDARD = "gnu++0x";
				CLANG_CXX_LIBRARY = "libc++";
				CLANG_ENABLE_MODULES = YES;
				CLANG_ENABLE_OBJC_ARC = YES;
				CLANG_WARN_BOOL_CONVERSION = YES;
				CLANG_WARN_CONSTANT_CONVERSION = YES;
				CLANG_WARN_DIRECT_OBJC_ISA_USAGE = YES_ERROR;
				CLANG_WARN_EMPTY_BODY = YES;
				CLANG_WARN_ENUM_CONVERSION = YES;
				CLANG_WARN_INT_CONVERSION = YES;
				CLANG_WARN_OBJC_ROOT_CLASS = YES_ERROR;
				CLANG_WARN_UNREACHABLE_CODE = YES;
				CLANG_WARN__DUPLICATE_METHOD_MATCH = YES;
				"CODE_SIGN_IDENTITY[sdk=iphoneos*]" = "iPhone Developer";
				COMBINE_HIDPI_IMAGES = YES;
				COPY_PHASE_STRIP = NO;
				DEBUG_INFORMATION_FORMAT = "dwarf-with-dsym";
				ENABLE_NS_ASSERTIONS = NO;
				ENABLE_STRICT_OBJC_MSGSEND = YES;
				GCC_C_LANGUAGE_STANDARD = gnu99;
				GCC_NO_COMMON_BLOCKS = YES;
				GCC_WARN_64_TO_32_BIT_CONVERSION = YES;
				GCC_WARN_ABOUT_RETURN_TYPE = YES_ERROR;
				GCC_WARN_UNDECLARED_SELECTOR = YES;
				GCC_WARN_UNINITIALIZED_AUTOS = YES_AGGRESSIVE;
				GCC_WARN_UNUSED_FUNCTION = YES;
				GCC_WARN_UNUSED_VARIABLE = YES;
				INFOPLIST_FILE = Tests/Info.plist;
				LD_RUNPATH_SEARCH_PATHS = "$(inherited) @executable_path/Frameworks @loader_path/Frameworks";
				"LD_RUNPATH_SEARCH_PATHS[sdk=macosx*]" = "$(inherited) @executable_path/../Frameworks @loader_path/../Frameworks";
				MTL_ENABLE_DEBUG_INFO = NO;
				PRODUCT_BUNDLE_IDENTIFIER = com.postmates.PMJSONTests;
				PRODUCT_NAME = "$(TARGET_NAME)";
				SUPPORTED_PLATFORMS = "macosx iphonesimulator iphoneos";
				SWIFT_OPTIMIZATION_LEVEL = "-Owholemodule";
				SWIFT_VERSION = 3.0;
				VALIDATE_PRODUCT = YES;
			};
			name = Release;
		};
/* End XCBuildConfiguration section */

/* Begin XCConfigurationList section */
		9E1B242B1BC73D1900E5BC19 /* Build configuration list for PBXProject "PMJSON" */ = {
			isa = XCConfigurationList;
			buildConfigurations = (
				9E1B242C1BC73D1900E5BC19 /* Debug */,
				9E1B242D1BC73D1900E5BC19 /* Release */,
			);
			defaultConfigurationIsVisible = 0;
			defaultConfigurationName = Release;
		};
		9E1B24521BC73D7600E5BC19 /* Build configuration list for PBXNativeTarget "PMJSON" */ = {
			isa = XCConfigurationList;
			buildConfigurations = (
				9E1B24531BC73D7600E5BC19 /* Debug */,
				9E1B24541BC73D7600E5BC19 /* Release */,
			);
			defaultConfigurationIsVisible = 0;
			defaultConfigurationName = Release;
		};
		9E1B24551BC73D7600E5BC19 /* Build configuration list for PBXNativeTarget "PMJSONTests" */ = {
			isa = XCConfigurationList;
			buildConfigurations = (
				9E1B24561BC73D7600E5BC19 /* Debug */,
				9E1B24571BC73D7600E5BC19 /* Release */,
			);
			defaultConfigurationIsVisible = 0;
			defaultConfigurationName = Release;
		};
/* End XCConfigurationList section */
	};
	rootObject = 9E1B24281BC73D1900E5BC19 /* Project object */;
}
